// !$*UTF8*$!
{
	archiveVersion = 1;
	classes = {
	};
	objectVersion = 48;
	objects = {

/* Begin PBXBuildFile section */
		47E8F76F22B110AFCCA2112C /* Pods_FBLoginPrototype.framework in Frameworks */ = {isa = PBXBuildFile; fileRef = A6AF661A58E6AB77066C5C11 /* Pods_FBLoginPrototype.framework */; };
		74142CE1A5389947FB0008A3 /* Pods_FBLoginPrototypeUITests.framework in Frameworks */ = {isa = PBXBuildFile; fileRef = 93EF16C9102EC76B445F8995 /* Pods_FBLoginPrototypeUITests.framework */; };
		88406D5320BE2F0D006A0689 /* AppDelegate.swift in Sources */ = {isa = PBXBuildFile; fileRef = 88406D5220BE2F0D006A0689 /* AppDelegate.swift */; };
		88406D5520BE2F0D006A0689 /* ViewController.swift in Sources */ = {isa = PBXBuildFile; fileRef = 88406D5420BE2F0D006A0689 /* ViewController.swift */; };
		88406D5820BE2F0D006A0689 /* Main.storyboard in Resources */ = {isa = PBXBuildFile; fileRef = 88406D5620BE2F0D006A0689 /* Main.storyboard */; };
		88406D5A20BE2F0D006A0689 /* Assets.xcassets in Resources */ = {isa = PBXBuildFile; fileRef = 88406D5920BE2F0D006A0689 /* Assets.xcassets */; };
		88406D5D20BE2F0D006A0689 /* LaunchScreen.storyboard in Resources */ = {isa = PBXBuildFile; fileRef = 88406D5B20BE2F0D006A0689 /* LaunchScreen.storyboard */; };
		88406D6820BE2F0D006A0689 /* FBLoginPrototypeTests.swift in Sources */ = {isa = PBXBuildFile; fileRef = 88406D6720BE2F0D006A0689 /* FBLoginPrototypeTests.swift */; };
		88406D7320BE2F0D006A0689 /* FBLoginPrototypeUITests.swift in Sources */ = {isa = PBXBuildFile; fileRef = 88406D7220BE2F0D006A0689 /* FBLoginPrototypeUITests.swift */; };
		CC0F5D2D1D95D8A44C3E1A95 /* Pods_FBLoginPrototypeTests.framework in Frameworks */ = {isa = PBXBuildFile; fileRef = 30E4299A92774CBE9FD83481 /* Pods_FBLoginPrototypeTests.framework */; };
/* End PBXBuildFile section */

/* Begin PBXContainerItemProxy section */
		88406D6420BE2F0D006A0689 /* PBXContainerItemProxy */ = {
			isa = PBXContainerItemProxy;
			containerPortal = 88406D4720BE2F0D006A0689 /* Project object */;
			proxyType = 1;
			remoteGlobalIDString = 88406D4E20BE2F0D006A0689;
			remoteInfo = FBLoginPrototype;
		};
		88406D6F20BE2F0D006A0689 /* PBXContainerItemProxy */ = {
			isa = PBXContainerItemProxy;
			containerPortal = 88406D4720BE2F0D006A0689 /* Project object */;
			proxyType = 1;
			remoteGlobalIDString = 88406D4E20BE2F0D006A0689;
			remoteInfo = FBLoginPrototype;
		};
/* End PBXContainerItemProxy section */

/* Begin PBXFileReference section */
		051FAE0158E5DCEFF3B6F379 /* Pods-FBLoginPrototypeUITests.release.xcconfig */ = {isa = PBXFileReference; includeInIndex = 1; lastKnownFileType = text.xcconfig; name = "Pods-FBLoginPrototypeUITests.release.xcconfig"; path = "Pods/Target Support Files/Pods-FBLoginPrototypeUITests/Pods-FBLoginPrototypeUITests.release.xcconfig"; sourceTree = "<group>"; };
		30E4299A92774CBE9FD83481 /* Pods_FBLoginPrototypeTests.framework */ = {isa = PBXFileReference; explicitFileType = wrapper.framework; includeInIndex = 0; path = Pods_FBLoginPrototypeTests.framework; sourceTree = BUILT_PRODUCTS_DIR; };
		479DEE6E6A799AA2F563813E /* Pods-FBLoginPrototypeTests.release.xcconfig */ = {isa = PBXFileReference; includeInIndex = 1; lastKnownFileType = text.xcconfig; name = "Pods-FBLoginPrototypeTests.release.xcconfig"; path = "Pods/Target Support Files/Pods-FBLoginPrototypeTests/Pods-FBLoginPrototypeTests.release.xcconfig"; sourceTree = "<group>"; };
		629E44A8906EACC88B3F6641 /* Pods-FBLoginPrototype.debug.xcconfig */ = {isa = PBXFileReference; includeInIndex = 1; lastKnownFileType = text.xcconfig; name = "Pods-FBLoginPrototype.debug.xcconfig"; path = "Pods/Target Support Files/Pods-FBLoginPrototype/Pods-FBLoginPrototype.debug.xcconfig"; sourceTree = "<group>"; };
		74E5F64E97D22C903403BCA2 /* Pods-FBLoginPrototypeUITests.debug.xcconfig */ = {isa = PBXFileReference; includeInIndex = 1; lastKnownFileType = text.xcconfig; name = "Pods-FBLoginPrototypeUITests.debug.xcconfig"; path = "Pods/Target Support Files/Pods-FBLoginPrototypeUITests/Pods-FBLoginPrototypeUITests.debug.xcconfig"; sourceTree = "<group>"; };
		88406D4F20BE2F0D006A0689 /* FBLoginPrototype.app */ = {isa = PBXFileReference; explicitFileType = wrapper.application; includeInIndex = 0; path = FBLoginPrototype.app; sourceTree = BUILT_PRODUCTS_DIR; };
		88406D5220BE2F0D006A0689 /* AppDelegate.swift */ = {isa = PBXFileReference; lastKnownFileType = sourcecode.swift; path = AppDelegate.swift; sourceTree = "<group>"; };
		88406D5420BE2F0D006A0689 /* ViewController.swift */ = {isa = PBXFileReference; lastKnownFileType = sourcecode.swift; path = ViewController.swift; sourceTree = "<group>"; };
		88406D5720BE2F0D006A0689 /* Base */ = {isa = PBXFileReference; lastKnownFileType = file.storyboard; name = Base; path = Base.lproj/Main.storyboard; sourceTree = "<group>"; };
		88406D5920BE2F0D006A0689 /* Assets.xcassets */ = {isa = PBXFileReference; lastKnownFileType = folder.assetcatalog; path = Assets.xcassets; sourceTree = "<group>"; };
		88406D5C20BE2F0D006A0689 /* Base */ = {isa = PBXFileReference; lastKnownFileType = file.storyboard; name = Base; path = Base.lproj/LaunchScreen.storyboard; sourceTree = "<group>"; };
		88406D5E20BE2F0D006A0689 /* Info.plist */ = {isa = PBXFileReference; lastKnownFileType = text.plist.xml; path = Info.plist; sourceTree = "<group>"; };
		88406D6320BE2F0D006A0689 /* FBLoginPrototypeTests.xctest */ = {isa = PBXFileReference; explicitFileType = wrapper.cfbundle; includeInIndex = 0; path = FBLoginPrototypeTests.xctest; sourceTree = BUILT_PRODUCTS_DIR; };
		88406D6720BE2F0D006A0689 /* FBLoginPrototypeTests.swift */ = {isa = PBXFileReference; lastKnownFileType = sourcecode.swift; path = FBLoginPrototypeTests.swift; sourceTree = "<group>"; };
		88406D6920BE2F0D006A0689 /* Info.plist */ = {isa = PBXFileReference; lastKnownFileType = text.plist.xml; path = Info.plist; sourceTree = "<group>"; };
		88406D6E20BE2F0D006A0689 /* FBLoginPrototypeUITests.xctest */ = {isa = PBXFileReference; explicitFileType = wrapper.cfbundle; includeInIndex = 0; path = FBLoginPrototypeUITests.xctest; sourceTree = BUILT_PRODUCTS_DIR; };
		88406D7220BE2F0D006A0689 /* FBLoginPrototypeUITests.swift */ = {isa = PBXFileReference; lastKnownFileType = sourcecode.swift; path = FBLoginPrototypeUITests.swift; sourceTree = "<group>"; };
		88406D7420BE2F0D006A0689 /* Info.plist */ = {isa = PBXFileReference; lastKnownFileType = text.plist.xml; path = Info.plist; sourceTree = "<group>"; };
		93EF16C9102EC76B445F8995 /* Pods_FBLoginPrototypeUITests.framework */ = {isa = PBXFileReference; explicitFileType = wrapper.framework; includeInIndex = 0; path = Pods_FBLoginPrototypeUITests.framework; sourceTree = BUILT_PRODUCTS_DIR; };
		A6AF661A58E6AB77066C5C11 /* Pods_FBLoginPrototype.framework */ = {isa = PBXFileReference; explicitFileType = wrapper.framework; includeInIndex = 0; path = Pods_FBLoginPrototype.framework; sourceTree = BUILT_PRODUCTS_DIR; };
		B44981D5EB6971EC9B68FA4B /* Pods-FBLoginPrototype.release.xcconfig */ = {isa = PBXFileReference; includeInIndex = 1; lastKnownFileType = text.xcconfig; name = "Pods-FBLoginPrototype.release.xcconfig"; path = "Pods/Target Support Files/Pods-FBLoginPrototype/Pods-FBLoginPrototype.release.xcconfig"; sourceTree = "<group>"; };
		BF3151183F5A2F080FD39B38 /* Pods-FBLoginPrototypeTests.debug.xcconfig */ = {isa = PBXFileReference; includeInIndex = 1; lastKnownFileType = text.xcconfig; name = "Pods-FBLoginPrototypeTests.debug.xcconfig"; path = "Pods/Target Support Files/Pods-FBLoginPrototypeTests/Pods-FBLoginPrototypeTests.debug.xcconfig"; sourceTree = "<group>"; };
/* End PBXFileReference section */

/* Begin PBXFrameworksBuildPhase section */
		88406D4C20BE2F0D006A0689 /* Frameworks */ = {
			isa = PBXFrameworksBuildPhase;
			buildActionMask = 2147483647;
			files = (
				47E8F76F22B110AFCCA2112C /* Pods_FBLoginPrototype.framework in Frameworks */,
			);
			runOnlyForDeploymentPostprocessing = 0;
		};
		88406D6020BE2F0D006A0689 /* Frameworks */ = {
			isa = PBXFrameworksBuildPhase;
			buildActionMask = 2147483647;
			files = (
				CC0F5D2D1D95D8A44C3E1A95 /* Pods_FBLoginPrototypeTests.framework in Frameworks */,
			);
			runOnlyForDeploymentPostprocessing = 0;
		};
		88406D6B20BE2F0D006A0689 /* Frameworks */ = {
			isa = PBXFrameworksBuildPhase;
			buildActionMask = 2147483647;
			files = (
				74142CE1A5389947FB0008A3 /* Pods_FBLoginPrototypeUITests.framework in Frameworks */,
			);
			runOnlyForDeploymentPostprocessing = 0;
		};
/* End PBXFrameworksBuildPhase section */

/* Begin PBXGroup section */
		215BFE938A1C759140C7DACD /* Pods */ = {
			isa = PBXGroup;
			children = (
				629E44A8906EACC88B3F6641 /* Pods-FBLoginPrototype.debug.xcconfig */,
				B44981D5EB6971EC9B68FA4B /* Pods-FBLoginPrototype.release.xcconfig */,
				BF3151183F5A2F080FD39B38 /* Pods-FBLoginPrototypeTests.debug.xcconfig */,
				479DEE6E6A799AA2F563813E /* Pods-FBLoginPrototypeTests.release.xcconfig */,
				74E5F64E97D22C903403BCA2 /* Pods-FBLoginPrototypeUITests.debug.xcconfig */,
				051FAE0158E5DCEFF3B6F379 /* Pods-FBLoginPrototypeUITests.release.xcconfig */,
			);
			name = Pods;
			sourceTree = "<group>";
		};
		86EE458B42A486A80EF96AED /* Frameworks */ = {
			isa = PBXGroup;
			children = (
				A6AF661A58E6AB77066C5C11 /* Pods_FBLoginPrototype.framework */,
				30E4299A92774CBE9FD83481 /* Pods_FBLoginPrototypeTests.framework */,
				93EF16C9102EC76B445F8995 /* Pods_FBLoginPrototypeUITests.framework */,
			);
			name = Frameworks;
			sourceTree = "<group>";
		};
		88406D4620BE2F0D006A0689 = {
			isa = PBXGroup;
			children = (
				88406D5120BE2F0D006A0689 /* FBLoginPrototype */,
				88406D6620BE2F0D006A0689 /* FBLoginPrototypeTests */,
				88406D7120BE2F0D006A0689 /* FBLoginPrototypeUITests */,
				88406D5020BE2F0D006A0689 /* Products */,
				215BFE938A1C759140C7DACD /* Pods */,
				86EE458B42A486A80EF96AED /* Frameworks */,
			);
			sourceTree = "<group>";
		};
		88406D5020BE2F0D006A0689 /* Products */ = {
			isa = PBXGroup;
			children = (
				88406D4F20BE2F0D006A0689 /* FBLoginPrototype.app */,
				88406D6320BE2F0D006A0689 /* FBLoginPrototypeTests.xctest */,
				88406D6E20BE2F0D006A0689 /* FBLoginPrototypeUITests.xctest */,
			);
			name = Products;
			sourceTree = "<group>";
		};
		88406D5120BE2F0D006A0689 /* FBLoginPrototype */ = {
			isa = PBXGroup;
			children = (
				88406D5220BE2F0D006A0689 /* AppDelegate.swift */,
				88406D5420BE2F0D006A0689 /* ViewController.swift */,
				88406D5620BE2F0D006A0689 /* Main.storyboard */,
				88406D5920BE2F0D006A0689 /* Assets.xcassets */,
				88406D5B20BE2F0D006A0689 /* LaunchScreen.storyboard */,
				88406D5E20BE2F0D006A0689 /* Info.plist */,
			);
			path = FBLoginPrototype;
			sourceTree = "<group>";
		};
		88406D6620BE2F0D006A0689 /* FBLoginPrototypeTests */ = {
			isa = PBXGroup;
			children = (
				88406D6720BE2F0D006A0689 /* FBLoginPrototypeTests.swift */,
				88406D6920BE2F0D006A0689 /* Info.plist */,
			);
			path = FBLoginPrototypeTests;
			sourceTree = "<group>";
		};
		88406D7120BE2F0D006A0689 /* FBLoginPrototypeUITests */ = {
			isa = PBXGroup;
			children = (
				88406D7220BE2F0D006A0689 /* FBLoginPrototypeUITests.swift */,
				88406D7420BE2F0D006A0689 /* Info.plist */,
			);
			path = FBLoginPrototypeUITests;
			sourceTree = "<group>";
		};
/* End PBXGroup section */

/* Begin PBXNativeTarget section */
		88406D4E20BE2F0D006A0689 /* FBLoginPrototype */ = {
			isa = PBXNativeTarget;
			buildConfigurationList = 88406D7720BE2F0D006A0689 /* Build configuration list for PBXNativeTarget "FBLoginPrototype" */;
			buildPhases = (
				FF7505DAFAF7C4AA358BFB09 /* [CP] Check Pods Manifest.lock */,
				88406D4B20BE2F0D006A0689 /* Sources */,
				88406D4C20BE2F0D006A0689 /* Frameworks */,
				88406D4D20BE2F0D006A0689 /* Resources */,
				74C182FD9B8C6F618038D1C8 /* [CP] Embed Pods Frameworks */,
			);
			buildRules = (
			);
			dependencies = (
			);
			name = FBLoginPrototype;
			productName = FBLoginPrototype;
			productReference = 88406D4F20BE2F0D006A0689 /* FBLoginPrototype.app */;
			productType = "com.apple.product-type.application";
		};
		88406D6220BE2F0D006A0689 /* FBLoginPrototypeTests */ = {
			isa = PBXNativeTarget;
			buildConfigurationList = 88406D7A20BE2F0D006A0689 /* Build configuration list for PBXNativeTarget "FBLoginPrototypeTests" */;
			buildPhases = (
				028FDE913BA7F5E0E9888273 /* [CP] Check Pods Manifest.lock */,
				88406D5F20BE2F0D006A0689 /* Sources */,
				88406D6020BE2F0D006A0689 /* Frameworks */,
				88406D6120BE2F0D006A0689 /* Resources */,
			);
			buildRules = (
			);
			dependencies = (
				88406D6520BE2F0D006A0689 /* PBXTargetDependency */,
			);
			name = FBLoginPrototypeTests;
			productName = FBLoginPrototypeTests;
			productReference = 88406D6320BE2F0D006A0689 /* FBLoginPrototypeTests.xctest */;
			productType = "com.apple.product-type.bundle.unit-test";
		};
		88406D6D20BE2F0D006A0689 /* FBLoginPrototypeUITests */ = {
			isa = PBXNativeTarget;
			buildConfigurationList = 88406D7D20BE2F0D006A0689 /* Build configuration list for PBXNativeTarget "FBLoginPrototypeUITests" */;
			buildPhases = (
				8138B1FFDDF7F88E513A806E /* [CP] Check Pods Manifest.lock */,
				88406D6A20BE2F0D006A0689 /* Sources */,
				88406D6B20BE2F0D006A0689 /* Frameworks */,
				88406D6C20BE2F0D006A0689 /* Resources */,
			);
			buildRules = (
			);
			dependencies = (
				88406D7020BE2F0D006A0689 /* PBXTargetDependency */,
			);
			name = FBLoginPrototypeUITests;
			productName = FBLoginPrototypeUITests;
			productReference = 88406D6E20BE2F0D006A0689 /* FBLoginPrototypeUITests.xctest */;
			productType = "com.apple.product-type.bundle.ui-testing";
		};
/* End PBXNativeTarget section */

/* Begin PBXProject section */
		88406D4720BE2F0D006A0689 /* Project object */ = {
			isa = PBXProject;
			attributes = {
				LastSwiftUpdateCheck = 0920;
				LastUpgradeCheck = 0920;
				ORGANIZATIONNAME = Anusha;
				TargetAttributes = {
					88406D4E20BE2F0D006A0689 = {
						CreatedOnToolsVersion = 9.2;
						ProvisioningStyle = Automatic;
					};
					88406D6220BE2F0D006A0689 = {
						CreatedOnToolsVersion = 9.2;
						ProvisioningStyle = Automatic;
						TestTargetID = 88406D4E20BE2F0D006A0689;
					};
					88406D6D20BE2F0D006A0689 = {
						CreatedOnToolsVersion = 9.2;
						ProvisioningStyle = Automatic;
						TestTargetID = 88406D4E20BE2F0D006A0689;
					};
				};
			};
			buildConfigurationList = 88406D4A20BE2F0D006A0689 /* Build configuration list for PBXProject "FBLoginPrototype" */;
			compatibilityVersion = "Xcode 8.0";
			developmentRegion = en;
			hasScannedForEncodings = 0;
			knownRegions = (
				en,
				Base,
			);
			mainGroup = 88406D4620BE2F0D006A0689;
			productRefGroup = 88406D5020BE2F0D006A0689 /* Products */;
			projectDirPath = "";
			projectRoot = "";
			targets = (
				88406D4E20BE2F0D006A0689 /* FBLoginPrototype */,
				88406D6220BE2F0D006A0689 /* FBLoginPrototypeTests */,
				88406D6D20BE2F0D006A0689 /* FBLoginPrototypeUITests */,
			);
		};
/* End PBXProject section */

/* Begin PBXResourcesBuildPhase section */
		88406D4D20BE2F0D006A0689 /* Resources */ = {
			isa = PBXResourcesBuildPhase;
			buildActionMask = 2147483647;
			files = (
				88406D5D20BE2F0D006A0689 /* LaunchScreen.storyboard in Resources */,
				88406D5A20BE2F0D006A0689 /* Assets.xcassets in Resources */,
				88406D5820BE2F0D006A0689 /* Main.storyboard in Resources */,
			);
			runOnlyForDeploymentPostprocessing = 0;
		};
		88406D6120BE2F0D006A0689 /* Resources */ = {
			isa = PBXResourcesBuildPhase;
			buildActionMask = 2147483647;
			files = (
			);
			runOnlyForDeploymentPostprocessing = 0;
		};
		88406D6C20BE2F0D006A0689 /* Resources */ = {
			isa = PBXResourcesBuildPhase;
			buildActionMask = 2147483647;
			files = (
			);
			runOnlyForDeploymentPostprocessing = 0;
		};
/* End PBXResourcesBuildPhase section */

/* Begin PBXShellScriptBuildPhase section */
		028FDE913BA7F5E0E9888273 /* [CP] Check Pods Manifest.lock */ = {
			isa = PBXShellScriptBuildPhase;
			buildActionMask = 2147483647;
			files = (
			);
			inputPaths = (
				"${PODS_PODFILE_DIR_PATH}/Podfile.lock",
				"${PODS_ROOT}/Manifest.lock",
			);
			name = "[CP] Check Pods Manifest.lock";
			outputPaths = (
				"$(DERIVED_FILE_DIR)/Pods-FBLoginPrototypeTests-checkManifestLockResult.txt",
			);
			runOnlyForDeploymentPostprocessing = 0;
			shellPath = /bin/sh;
			shellScript = "diff \"${PODS_PODFILE_DIR_PATH}/Podfile.lock\" \"${PODS_ROOT}/Manifest.lock\" > /dev/null\nif [ $? != 0 ] ; then\n    # print error to STDERR\n    echo \"error: The sandbox is not in sync with the Podfile.lock. Run 'pod install' or update your CocoaPods installation.\" >&2\n    exit 1\nfi\n# This output is used by Xcode 'outputs' to avoid re-running this script phase.\necho \"SUCCESS\" > \"${SCRIPT_OUTPUT_FILE_0}\"\n";
			showEnvVarsInLog = 0;
		};
		74C182FD9B8C6F618038D1C8 /* [CP] Embed Pods Frameworks */ = {
			isa = PBXShellScriptBuildPhase;
			buildActionMask = 2147483647;
			files = (
			);
			inputPaths = (
				"${SRCROOT}/Pods/Target Support Files/Pods-FBLoginPrototype/Pods-FBLoginPrototype-frameworks.sh",
				"${BUILT_PRODUCTS_DIR}/Bolts/Bolts.framework",
				"${BUILT_PRODUCTS_DIR}/FBSDKCoreKit/FBSDKCoreKit.framework",
				"${BUILT_PRODUCTS_DIR}/FBSDKLoginKit/FBSDKLoginKit.framework",
			);
			name = "[CP] Embed Pods Frameworks";
			outputPaths = (
				"${TARGET_BUILD_DIR}/${FRAMEWORKS_FOLDER_PATH}/Bolts.framework",
				"${TARGET_BUILD_DIR}/${FRAMEWORKS_FOLDER_PATH}/FBSDKCoreKit.framework",
				"${TARGET_BUILD_DIR}/${FRAMEWORKS_FOLDER_PATH}/FBSDKLoginKit.framework",
			);
			runOnlyForDeploymentPostprocessing = 0;
			shellPath = /bin/sh;
			shellScript = "\"${SRCROOT}/Pods/Target Support Files/Pods-FBLoginPrototype/Pods-FBLoginPrototype-frameworks.sh\"\n";
			showEnvVarsInLog = 0;
		};
		8138B1FFDDF7F88E513A806E /* [CP] Check Pods Manifest.lock */ = {
			isa = PBXShellScriptBuildPhase;
			buildActionMask = 2147483647;
			files = (
			);
			inputPaths = (
				"${PODS_PODFILE_DIR_PATH}/Podfile.lock",
				"${PODS_ROOT}/Manifest.lock",
			);
			name = "[CP] Check Pods Manifest.lock";
			outputPaths = (
				"$(DERIVED_FILE_DIR)/Pods-FBLoginPrototypeUITests-checkManifestLockResult.txt",
			);
			runOnlyForDeploymentPostprocessing = 0;
			shellPath = /bin/sh;
			shellScript = "diff \"${PODS_PODFILE_DIR_PATH}/Podfile.lock\" \"${PODS_ROOT}/Manifest.lock\" > /dev/null\nif [ $? != 0 ] ; then\n    # print error to STDERR\n    echo \"error: The sandbox is not in sync with the Podfile.lock. Run 'pod install' or update your CocoaPods installation.\" >&2\n    exit 1\nfi\n# This output is used by Xcode 'outputs' to avoid re-running this script phase.\necho \"SUCCESS\" > \"${SCRIPT_OUTPUT_FILE_0}\"\n";
			showEnvVarsInLog = 0;
		};
		FF7505DAFAF7C4AA358BFB09 /* [CP] Check Pods Manifest.lock */ = {
			isa = PBXShellScriptBuildPhase;
			buildActionMask = 2147483647;
			files = (
			);
			inputPaths = (
				"${PODS_PODFILE_DIR_PATH}/Podfile.lock",
				"${PODS_ROOT}/Manifest.lock",
			);
			name = "[CP] Check Pods Manifest.lock";
			outputPaths = (
				"$(DERIVED_FILE_DIR)/Pods-FBLoginPrototype-checkManifestLockResult.txt",
			);
			runOnlyForDeploymentPostprocessing = 0;
			shellPath = /bin/sh;
			shellScript = "diff \"${PODS_PODFILE_DIR_PATH}/Podfile.lock\" \"${PODS_ROOT}/Manifest.lock\" > /dev/null\nif [ $? != 0 ] ; then\n    # print error to STDERR\n    echo \"error: The sandbox is not in sync with the Podfile.lock. Run 'pod install' or update your CocoaPods installation.\" >&2\n    exit 1\nfi\n# This output is used by Xcode 'outputs' to avoid re-running this script phase.\necho \"SUCCESS\" > \"${SCRIPT_OUTPUT_FILE_0}\"\n";
			showEnvVarsInLog = 0;
		};
/* End PBXShellScriptBuildPhase section */

/* Begin PBXSourcesBuildPhase section */
		88406D4B20BE2F0D006A0689 /* Sources */ = {
			isa = PBXSourcesBuildPhase;
			buildActionMask = 2147483647;
			files = (
				88406D5520BE2F0D006A0689 /* ViewController.swift in Sources */,
				88406D5320BE2F0D006A0689 /* AppDelegate.swift in Sources */,
			);
			runOnlyForDeploymentPostprocessing = 0;
		};
		88406D5F20BE2F0D006A0689 /* Sources */ = {
			isa = PBXSourcesBuildPhase;
			buildActionMask = 2147483647;
			files = (
				88406D6820BE2F0D006A0689 /* FBLoginPrototypeTests.swift in Sources */,
			);
			runOnlyForDeploymentPostprocessing = 0;
		};
		88406D6A20BE2F0D006A0689 /* Sources */ = {
			isa = PBXSourcesBuildPhase;
			buildActionMask = 2147483647;
			files = (
				88406D7320BE2F0D006A0689 /* FBLoginPrototypeUITests.swift in Sources */,
			);
			runOnlyForDeploymentPostprocessing = 0;
		};
/* End PBXSourcesBuildPhase section */

/* Begin PBXTargetDependency section */
		88406D6520BE2F0D006A0689 /* PBXTargetDependency */ = {
			isa = PBXTargetDependency;
			target = 88406D4E20BE2F0D006A0689 /* FBLoginPrototype */;
			targetProxy = 88406D6420BE2F0D006A0689 /* PBXContainerItemProxy */;
		};
		88406D7020BE2F0D006A0689 /* PBXTargetDependency */ = {
			isa = PBXTargetDependency;
			target = 88406D4E20BE2F0D006A0689 /* FBLoginPrototype */;
			targetProxy = 88406D6F20BE2F0D006A0689 /* PBXContainerItemProxy */;
		};
/* End PBXTargetDependency section */

/* Begin PBXVariantGroup section */
		88406D5620BE2F0D006A0689 /* Main.storyboard */ = {
			isa = PBXVariantGroup;
			children = (
				88406D5720BE2F0D006A0689 /* Base */,
			);
			name = Main.storyboard;
			sourceTree = "<group>";
		};
		88406D5B20BE2F0D006A0689 /* LaunchScreen.storyboard */ = {
			isa = PBXVariantGroup;
			children = (
				88406D5C20BE2F0D006A0689 /* Base */,
			);
			name = LaunchScreen.storyboard;
			sourceTree = "<group>";
		};
/* End PBXVariantGroup section */

/* Begin XCBuildConfiguration section */
		88406D7520BE2F0D006A0689 /* Debug */ = {
			isa = XCBuildConfiguration;
			buildSettings = {
				ALWAYS_SEARCH_USER_PATHS = NO;
				CLANG_ANALYZER_NONNULL = YES;
				CLANG_ANALYZER_NUMBER_OBJECT_CONVERSION = YES_AGGRESSIVE;
				CLANG_CXX_LANGUAGE_STANDARD = "gnu++14";
				CLANG_CXX_LIBRARY = "libc++";
				CLANG_ENABLE_MODULES = YES;
				CLANG_ENABLE_OBJC_ARC = YES;
				CLANG_WARN_BLOCK_CAPTURE_AUTORELEASING = YES;
				CLANG_WARN_BOOL_CONVERSION = YES;
				CLANG_WARN_COMMA = YES;
				CLANG_WARN_CONSTANT_CONVERSION = YES;
				CLANG_WARN_DIRECT_OBJC_ISA_USAGE = YES_ERROR;
				CLANG_WARN_DOCUMENTATION_COMMENTS = YES;
				CLANG_WARN_EMPTY_BODY = YES;
				CLANG_WARN_ENUM_CONVERSION = YES;
				CLANG_WARN_INFINITE_RECURSION = YES;
				CLANG_WARN_INT_CONVERSION = YES;
				CLANG_WARN_NON_LITERAL_NULL_CONVERSION = YES;
				CLANG_WARN_OBJC_LITERAL_CONVERSION = YES;
				CLANG_WARN_OBJC_ROOT_CLASS = YES_ERROR;
				CLANG_WARN_RANGE_LOOP_ANALYSIS = YES;
				CLANG_WARN_STRICT_PROTOTYPES = YES;
				CLANG_WARN_SUSPICIOUS_MOVE = YES;
				CLANG_WARN_UNGUARDED_AVAILABILITY = YES_AGGRESSIVE;
				CLANG_WARN_UNREACHABLE_CODE = YES;
				CLANG_WARN__DUPLICATE_METHOD_MATCH = YES;
				CODE_SIGN_IDENTITY = "iPhone Developer";
				COPY_PHASE_STRIP = NO;
				DEBUG_INFORMATION_FORMAT = dwarf;
				ENABLE_STRICT_OBJC_MSGSEND = YES;
				ENABLE_TESTABILITY = YES;
				GCC_C_LANGUAGE_STANDARD = gnu11;
				GCC_DYNAMIC_NO_PIC = NO;
				GCC_NO_COMMON_BLOCKS = YES;
				GCC_OPTIMIZATION_LEVEL = 0;
				GCC_PREPROCESSOR_DEFINITIONS = (
					"DEBUG=1",
					"$(inherited)",
				);
				GCC_WARN_64_TO_32_BIT_CONVERSION = YES;
				GCC_WARN_ABOUT_RETURN_TYPE = YES_ERROR;
				GCC_WARN_UNDECLARED_SELECTOR = YES;
				GCC_WARN_UNINITIALIZED_AUTOS = YES_AGGRESSIVE;
				GCC_WARN_UNUSED_FUNCTION = YES;
				GCC_WARN_UNUSED_VARIABLE = YES;
				IPHONEOS_DEPLOYMENT_TARGET = 11.2;
				MTL_ENABLE_DEBUG_INFO = YES;
				ONLY_ACTIVE_ARCH = YES;
				SDKROOT = iphoneos;
				SWIFT_ACTIVE_COMPILATION_CONDITIONS = DEBUG;
				SWIFT_OPTIMIZATION_LEVEL = "-Onone";
			};
			name = Debug;
		};
		88406D7620BE2F0D006A0689 /* Release */ = {
			isa = XCBuildConfiguration;
			buildSettings = {
				ALWAYS_SEARCH_USER_PATHS = NO;
				CLANG_ANALYZER_NONNULL = YES;
				CLANG_ANALYZER_NUMBER_OBJECT_CONVERSION = YES_AGGRESSIVE;
				CLANG_CXX_LANGUAGE_STANDARD = "gnu++14";
				CLANG_CXX_LIBRARY = "libc++";
				CLANG_ENABLE_MODULES = YES;
				CLANG_ENABLE_OBJC_ARC = YES;
				CLANG_WARN_BLOCK_CAPTURE_AUTORELEASING = YES;
				CLANG_WARN_BOOL_CONVERSION = YES;
				CLANG_WARN_COMMA = YES;
				CLANG_WARN_CONSTANT_CONVERSION = YES;
				CLANG_WARN_DIRECT_OBJC_ISA_USAGE = YES_ERROR;
				CLANG_WARN_DOCUMENTATION_COMMENTS = YES;
				CLANG_WARN_EMPTY_BODY = YES;
				CLANG_WARN_ENUM_CONVERSION = YES;
				CLANG_WARN_INFINITE_RECURSION = YES;
				CLANG_WARN_INT_CONVERSION = YES;
				CLANG_WARN_NON_LITERAL_NULL_CONVERSION = YES;
				CLANG_WARN_OBJC_LITERAL_CONVERSION = YES;
				CLANG_WARN_OBJC_ROOT_CLASS = YES_ERROR;
				CLANG_WARN_RANGE_LOOP_ANALYSIS = YES;
				CLANG_WARN_STRICT_PROTOTYPES = YES;
				CLANG_WARN_SUSPICIOUS_MOVE = YES;
				CLANG_WARN_UNGUARDED_AVAILABILITY = YES_AGGRESSIVE;
				CLANG_WARN_UNREACHABLE_CODE = YES;
				CLANG_WARN__DUPLICATE_METHOD_MATCH = YES;
				CODE_SIGN_IDENTITY = "iPhone Developer";
				COPY_PHASE_STRIP = NO;
				DEBUG_INFORMATION_FORMAT = "dwarf-with-dsym";
				ENABLE_NS_ASSERTIONS = NO;
				ENABLE_STRICT_OBJC_MSGSEND = YES;
				GCC_C_LANGUAGE_STANDARD = gnu11;
				GCC_NO_COMMON_BLOCKS = YES;
				GCC_WARN_64_TO_32_BIT_CONVERSION = YES;
				GCC_WARN_ABOUT_RETURN_TYPE = YES_ERROR;
				GCC_WARN_UNDECLARED_SELECTOR = YES;
				GCC_WARN_UNINITIALIZED_AUTOS = YES_AGGRESSIVE;
				GCC_WARN_UNUSED_FUNCTION = YES;
				GCC_WARN_UNUSED_VARIABLE = YES;
				IPHONEOS_DEPLOYMENT_TARGET = 11.2;
				MTL_ENABLE_DEBUG_INFO = NO;
				SDKROOT = iphoneos;
				SWIFT_OPTIMIZATION_LEVEL = "-Owholemodule";
				VALIDATE_PRODUCT = YES;
			};
			name = Release;
		};
		88406D7820BE2F0D006A0689 /* Debug */ = {
			isa = XCBuildConfiguration;
			baseConfigurationReference = 629E44A8906EACC88B3F6641 /* Pods-FBLoginPrototype.debug.xcconfig */;
			buildSettings = {
				ASSETCATALOG_COMPILER_APPICON_NAME = AppIcon;
				CODE_SIGN_STYLE = Automatic;
				DEVELOPMENT_TEAM = JLPN5KACM5;
				INFOPLIST_FILE = FBLoginPrototype/Info.plist;
				LD_RUNPATH_SEARCH_PATHS = "$(inherited) @executable_path/Frameworks";
				PRODUCT_BUNDLE_IDENTIFIER = com.iOSApps.FBLoginPrototype;
				PRODUCT_NAME = "$(TARGET_NAME)";
				SWIFT_VERSION = 4.0;
				TARGETED_DEVICE_FAMILY = "1,2";
			};
			name = Debug;
		};
		88406D7920BE2F0D006A0689 /* Release */ = {
			isa = XCBuildConfiguration;
			baseConfigurationReference = B44981D5EB6971EC9B68FA4B /* Pods-FBLoginPrototype.release.xcconfig */;
			buildSettings = {
				ASSETCATALOG_COMPILER_APPICON_NAME = AppIcon;
				CODE_SIGN_STYLE = Automatic;
				DEVELOPMENT_TEAM = JLPN5KACM5;
				INFOPLIST_FILE = FBLoginPrototype/Info.plist;
				LD_RUNPATH_SEARCH_PATHS = "$(inherited) @executable_path/Frameworks";
				PRODUCT_BUNDLE_IDENTIFIER = com.iOSApps.FBLoginPrototype;
				PRODUCT_NAME = "$(TARGET_NAME)";
				SWIFT_VERSION = 4.0;
				TARGETED_DEVICE_FAMILY = "1,2";
			};
			name = Release;
		};
		88406D7B20BE2F0D006A0689 /* Debug */ = {
			isa = XCBuildConfiguration;
			baseConfigurationReference = BF3151183F5A2F080FD39B38 /* Pods-FBLoginPrototypeTests.debug.xcconfig */;
			buildSettings = {
				ALWAYS_EMBED_SWIFT_STANDARD_LIBRARIES = YES;
				BUNDLE_LOADER = "$(TEST_HOST)";
				CODE_SIGN_STYLE = Automatic;
				INFOPLIST_FILE = FBLoginPrototypeTests/Info.plist;
				LD_RUNPATH_SEARCH_PATHS = "$(inherited) @executable_path/Frameworks @loader_path/Frameworks";
				PRODUCT_BUNDLE_IDENTIFIER = com.iOSApps.FBLoginPrototypeTests;
				PRODUCT_NAME = "$(TARGET_NAME)";
				SWIFT_VERSION = 4.0;
				TARGETED_DEVICE_FAMILY = "1,2";
				TEST_HOST = "$(BUILT_PRODUCTS_DIR)/FBLoginPrototype.app/FBLoginPrototype";
			};
			name = Debug;
		};
		88406D7C20BE2F0D006A0689 /* Release */ = {
			isa = XCBuildConfiguration;
			baseConfigurationReference = 479DEE6E6A799AA2F563813E /* Pods-FBLoginPrototypeTests.release.xcconfig */;
			buildSettings = {
				ALWAYS_EMBED_SWIFT_STANDARD_LIBRARIES = YES;
				BUNDLE_LOADER = "$(TEST_HOST)";
				CODE_SIGN_STYLE = Automatic;
				INFOPLIST_FILE = FBLoginPrototypeTests/Info.plist;
				LD_RUNPATH_SEARCH_PATHS = "$(inherited) @executable_path/Frameworks @loader_path/Frameworks";
				PRODUCT_BUNDLE_IDENTIFIER = com.iOSApps.FBLoginPrototypeTests;
				PRODUCT_NAME = "$(TARGET_NAME)";
				SWIFT_VERSION = 4.0;
				TARGETED_DEVICE_FAMILY = "1,2";
				TEST_HOST = "$(BUILT_PRODUCTS_DIR)/FBLoginPrototype.app/FBLoginPrototype";
			};
			name = Release;
		};
		88406D7E20BE2F0D006A0689 /* Debug */ = {
			isa = XCBuildConfiguration;
			baseConfigurationReference = 74E5F64E97D22C903403BCA2 /* Pods-FBLoginPrototypeUITests.debug.xcconfig */;
			buildSettings = {
				ALWAYS_EMBED_SWIFT_STANDARD_LIBRARIES = YES;
				CODE_SIGN_STYLE = Automatic;
				INFOPLIST_FILE = FBLoginPrototypeUITests/Info.plist;
				LD_RUNPATH_SEARCH_PATHS = "$(inherited) @executable_path/Frameworks @loader_path/Frameworks";
				PRODUCT_BUNDLE_IDENTIFIER = com.iOSApps.FBLoginPrototypeUITests;
				PRODUCT_NAME = "$(TARGET_NAME)";
				SWIFT_VERSION = 4.0;
				TARGETED_DEVICE_FAMILY = "1,2";
				TEST_TARGET_NAME = FBLoginPrototype;
			};
			name = Debug;
		};
		88406D7F20BE2F0D006A0689 /* Release */ = {
			isa = XCBuildConfiguration;
			baseConfigurationReference = 051FAE0158E5DCEFF3B6F379 /* Pods-FBLoginPrototypeUITests.release.xcconfig */;
			buildSettings = {
				ALWAYS_EMBED_SWIFT_STANDARD_LIBRARIES = YES;
				CODE_SIGN_STYLE = Automatic;
				INFOPLIST_FILE = FBLoginPrototypeUITests/Info.plist;
				LD_RUNPATH_SEARCH_PATHS = "$(inherited) @executable_path/Frameworks @loader_path/Frameworks";
				PRODUCT_BUNDLE_IDENTIFIER = com.iOSApps.FBLoginPrototypeUITests;
				PRODUCT_NAME = "$(TARGET_NAME)";
				SWIFT_VERSION = 4.0;
				TARGETED_DEVICE_FAMILY = "1,2";
				TEST_TARGET_NAME = FBLoginPrototype;
			};
			name = Release;
		};
/* End XCBuildConfiguration section */

/* Begin XCConfigurationList section */
		88406D4A20BE2F0D006A0689 /* Build configuration list for PBXProject "FBLoginPrototype" */ = {
			isa = XCConfigurationList;
			buildConfigurations = (
				88406D7520BE2F0D006A0689 /* Debug */,
				88406D7620BE2F0D006A0689 /* Release */,
			);
			defaultConfigurationIsVisible = 0;
			defaultConfigurationName = Release;
		};
		88406D7720BE2F0D006A0689 /* Build configuration list for PBXNativeTarget "FBLoginPrototype" */ = {
			isa = XCConfigurationList;
			buildConfigurations = (
				88406D7820BE2F0D006A0689 /* Debug */,
				88406D7920BE2F0D006A0689 /* Release */,
			);
			defaultConfigurationIsVisible = 0;
			defaultConfigurationName = Release;
		};
		88406D7A20BE2F0D006A0689 /* Build configuration list for PBXNativeTarget "FBLoginPrototypeTests" */ = {
			isa = XCConfigurationList;
			buildConfigurations = (
				88406D7B20BE2F0D006A0689 /* Debug */,
				88406D7C20BE2F0D006A0689 /* Release */,
			);
			defaultConfigurationIsVisible = 0;
			defaultConfigurationName = Release;
		};
		88406D7D20BE2F0D006A0689 /* Build configuration list for PBXNativeTarget "FBLoginPrototypeUITests" */ = {
			isa = XCConfigurationList;
			buildConfigurations = (
				88406D7E20BE2F0D006A0689 /* Debug */,
				88406D7F20BE2F0D006A0689 /* Release */,
			);
			defaultConfigurationIsVisible = 0;
			defaultConfigurationName = Release;
		};
/* End XCConfigurationList section */
	};
	rootObject = 88406D4720BE2F0D006A0689 /* Project object */;
}
